
Microsoft Visual Studio Solution File, Format Version 12.00
# Visual Studio 2013
VisualStudioVersion = 12.0.21005.1
MinimumVisualStudioVersion = 10.0.40219.1
Project("{FAE04EC0-301F-11D3-BF4B-00C04F79EFBC}") = "task1", "task1\task1.csproj", "{3C78F1D8-7C4D-4CA3-A100-432BB82FE401}"
EndProject
Project("{FAE04EC0-301F-11D3-BF4B-00C04F79EFBC}") = "task1_WPF", "task1_WPF\task1_WPF.csproj", "{28641DC0-23D4-479E-8A86-F47D8FDF9650}"
EndProject
Global
	GlobalSection(SolutionConfigurationPlatforms) = preSolution
		Debug|Any CPU = Debug|Any CPU
		Release|Any CPU = Release|Any CPU
	EndGlobalSection
	GlobalSection(ProjectConfigurationPlatforms) = postSolution
		{3C78F1D8-7C4D-4CA3-A100-432BB82FE401}.Debug|Any CPU.ActiveCfg = Debug|Any CPU
		{3C78F1D8-7C4D-4CA3-A100-432BB82FE401}.Debug|Any CPU.Build.0 = Debug|Any CPU
		{3C78F1D8-7C4D-4CA3-A100-432BB82FE401}.Release|Any CPU.ActiveCfg = Release|Any CPU
		{3C78F1D8-7C4D-4CA3-A100-432BB82FE401}.Release|Any CPU.Build.0 = Release|Any CPU
		{28641DC0-23D4-479E-8A86-F47D8FDF9650}.Debug|Any CPU.ActiveCfg = Debug|Any CPU
		{28641DC0-23D4-479E-8A86-F47D8FDF9650}.Debug|Any CPU.Build.0 = Debug|Any CPU
		{28641DC0-23D4-479E-8A86-F47D8FDF9650}.Release|Any CPU.ActiveCfg = Release|Any CPU
		{28641DC0-23D4-479E-8A86-F47D8FDF9650}.Release|Any CPU.Build.0 = Release|Any CPU
	EndGlobalSection
	GlobalSection(SolutionProperties) = preSolution
		HideSolutionNode = FALSE
	EndGlobalSection
EndGlobal
