
Microsoft Visual Studio Solution File, Format Version 12.00
# Visual Studio 14
VisualStudioVersion = 14.0.25123.0
MinimumVisualStudioVersion = 10.0.40219.1
Project("{FAE04EC0-301F-11D3-BF4B-00C04F79EFBC}") = "PolynomApp", "PolynomApp\PolynomApp.csproj", "{F1043703-5B79-43F8-9F6C-ED4AD3C77131}"
EndProject
Project("{FAE04EC0-301F-11D3-BF4B-00C04F79EFBC}") = "PolynomAppUnitTest", "PolynomUnitTest\PolynomAppUnitTest.csproj", "{210EDA4D-6BBD-4F69-8D06-33132E286894}"
EndProject
Global
	GlobalSection(SolutionConfigurationPlatforms) = preSolution
		Debug|Any CPU = Debug|Any CPU
		Release|Any CPU = Release|Any CPU
	EndGlobalSection
	GlobalSection(ProjectConfigurationPlatforms) = postSolution
		{F1043703-5B79-43F8-9F6C-ED4AD3C77131}.Debug|Any CPU.ActiveCfg = Debug|Any CPU
		{F1043703-5B79-43F8-9F6C-ED4AD3C77131}.Debug|Any CPU.Build.0 = Debug|Any CPU
		{F1043703-5B79-43F8-9F6C-ED4AD3C77131}.Release|Any CPU.ActiveCfg = Release|Any CPU
		{F1043703-5B79-43F8-9F6C-ED4AD3C77131}.Release|Any CPU.Build.0 = Release|Any CPU
		{210EDA4D-6BBD-4F69-8D06-33132E286894}.Debug|Any CPU.ActiveCfg = Debug|Any CPU
		{210EDA4D-6BBD-4F69-8D06-33132E286894}.Debug|Any CPU.Build.0 = Debug|Any CPU
		{210EDA4D-6BBD-4F69-8D06-33132E286894}.Release|Any CPU.ActiveCfg = Release|Any CPU
		{210EDA4D-6BBD-4F69-8D06-33132E286894}.Release|Any CPU.Build.0 = Release|Any CPU
	EndGlobalSection
	GlobalSection(SolutionProperties) = preSolution
		HideSolutionNode = FALSE
	EndGlobalSection
EndGlobal
